
Microsoft Visual Studio Solution File, Format Version 12.00
# Visual Studio Version 16
VisualStudioVersion = 16.0.29519.87
MinimumVisualStudioVersion = 10.0.40219.1
Project("{8BC9CEB8-8B4A-11D0-8D11-00A0C91BC942}") = "grovylib", "grovylib\grovylib.vcxproj", "{E6D47173-CF54-4AF8-8D57-ED5A9EEBFEB0}"
EndProject
Project("{8BC9CEB8-8B4A-11D0-8D11-00A0C91BC942}") = "MAP-EDITOR", "MAP-EDITOR\MAP-EDITOR.vcxproj", "{3CF2BCD3-E99E-4EAA-AFC0-A833C62E4DE8}"
EndProject
Project("{8BC9CEB8-8B4A-11D0-8D11-00A0C91BC942}") = "PAC-MAN", "PAC-MAN\PAC-MAN.vcxproj", "{92A2015C-F365-42E9-8F17-BC26D97DE3F3}"
EndProject
Project("{8BC9CEB8-8B4A-11D0-8D11-00A0C91BC942}") = "SNAKE", "SNAKE\SNAKE.vcxproj", "{533655CD-2693-4BD7-AA64-28DC39AD5392}"
	ProjectSection(ProjectDependencies) = postProject
		{E6D47173-CF54-4AF8-8D57-ED5A9EEBFEB0} = {E6D47173-CF54-4AF8-8D57-ED5A9EEBFEB0}
	EndProjectSection
EndProject
Project("{8BC9CEB8-8B4A-11D0-8D11-00A0C91BC942}") = "SPACE-INVADERS", "SPACE-INVADERS\SPACE-INVADERS.vcxproj", "{9826F01E-F6CA-44F5-A8E6-7F9DD1C73BD5}"
EndProject
Project("{8BC9CEB8-8B4A-11D0-8D11-00A0C91BC942}") = "FROGGER", "FROGGER\FROGGER.vcxproj", "{2D06D2F8-F09D-4754-9C2B-1DE80C22B900}"
EndProject
Project("{8BC9CEB8-8B4A-11D0-8D11-00A0C91BC942}") = "SHOOTUBER", "SHOOTUBER\SHOOTUBER.vcxproj", "{E4BE32C3-7FC8-4851-B825-0394ADFF89E5}"
EndProject
Project("{8BC9CEB8-8B4A-11D0-8D11-00A0C91BC942}") = "PAC-MAN_COLOR", "PAC-MAN_COLOR\PAC-MAN_COLOR.vcxproj", "{C01A76F3-52AA-42A0-944F-BBDE6196C311}"
EndProject
Project("{8BC9CEB8-8B4A-11D0-8D11-00A0C91BC942}") = "SirTetris", "SirTetris\SirTetris.vcxproj", "{24D523CF-A4D7-49CA-BE06-10195C53404B}"
EndProject
Project("{8BC9CEB8-8B4A-11D0-8D11-00A0C91BC942}") = "Dark_Anoide", "Dark_Anoide\Dark_Anoide.vcxproj", "{B979D0D0-CE8E-4336-9ADC-518605790302}"
EndProject
Project("{8BC9CEB8-8B4A-11D0-8D11-00A0C91BC942}") = "SirTetris_Remastered", "SirTetris_Remastered\SirTetris_Remastered.vcxproj", "{A252C1BF-1BAA-43A6-AB48-D03E30B04A06}"
EndProject
Global
	GlobalSection(SolutionConfigurationPlatforms) = preSolution
		Debug|x64 = Debug|x64
		Debug|x86 = Debug|x86
		Release|x64 = Release|x64
		Release|x86 = Release|x86
	EndGlobalSection
	GlobalSection(ProjectConfigurationPlatforms) = postSolution
		{E6D47173-CF54-4AF8-8D57-ED5A9EEBFEB0}.Debug|x64.ActiveCfg = Debug|x64
		{E6D47173-CF54-4AF8-8D57-ED5A9EEBFEB0}.Debug|x64.Build.0 = Debug|x64
		{E6D47173-CF54-4AF8-8D57-ED5A9EEBFEB0}.Debug|x86.ActiveCfg = Debug|Win32
		{E6D47173-CF54-4AF8-8D57-ED5A9EEBFEB0}.Debug|x86.Build.0 = Debug|Win32
		{E6D47173-CF54-4AF8-8D57-ED5A9EEBFEB0}.Release|x64.ActiveCfg = Release|x64
		{E6D47173-CF54-4AF8-8D57-ED5A9EEBFEB0}.Release|x64.Build.0 = Release|x64
		{E6D47173-CF54-4AF8-8D57-ED5A9EEBFEB0}.Release|x86.ActiveCfg = Release|Win32
		{E6D47173-CF54-4AF8-8D57-ED5A9EEBFEB0}.Release|x86.Build.0 = Release|Win32
		{3CF2BCD3-E99E-4EAA-AFC0-A833C62E4DE8}.Debug|x64.ActiveCfg = Debug|x64
		{3CF2BCD3-E99E-4EAA-AFC0-A833C62E4DE8}.Debug|x64.Build.0 = Debug|x64
		{3CF2BCD3-E99E-4EAA-AFC0-A833C62E4DE8}.Debug|x86.ActiveCfg = Debug|Win32
		{3CF2BCD3-E99E-4EAA-AFC0-A833C62E4DE8}.Debug|x86.Build.0 = Debug|Win32
		{3CF2BCD3-E99E-4EAA-AFC0-A833C62E4DE8}.Release|x64.ActiveCfg = Release|x64
		{3CF2BCD3-E99E-4EAA-AFC0-A833C62E4DE8}.Release|x64.Build.0 = Release|x64
		{3CF2BCD3-E99E-4EAA-AFC0-A833C62E4DE8}.Release|x86.ActiveCfg = Release|Win32
		{3CF2BCD3-E99E-4EAA-AFC0-A833C62E4DE8}.Release|x86.Build.0 = Release|Win32
		{92A2015C-F365-42E9-8F17-BC26D97DE3F3}.Debug|x64.ActiveCfg = Debug|x64
		{92A2015C-F365-42E9-8F17-BC26D97DE3F3}.Debug|x64.Build.0 = Debug|x64
		{92A2015C-F365-42E9-8F17-BC26D97DE3F3}.Debug|x86.ActiveCfg = Debug|Win32
		{92A2015C-F365-42E9-8F17-BC26D97DE3F3}.Debug|x86.Build.0 = Debug|Win32
		{92A2015C-F365-42E9-8F17-BC26D97DE3F3}.Release|x64.ActiveCfg = Release|x64
		{92A2015C-F365-42E9-8F17-BC26D97DE3F3}.Release|x64.Build.0 = Release|x64
		{92A2015C-F365-42E9-8F17-BC26D97DE3F3}.Release|x86.ActiveCfg = Release|Win32
		{92A2015C-F365-42E9-8F17-BC26D97DE3F3}.Release|x86.Build.0 = Release|Win32
		{533655CD-2693-4BD7-AA64-28DC39AD5392}.Debug|x64.ActiveCfg = Debug|x64
		{533655CD-2693-4BD7-AA64-28DC39AD5392}.Debug|x64.Build.0 = Debug|x64
		{533655CD-2693-4BD7-AA64-28DC39AD5392}.Debug|x86.ActiveCfg = Debug|Win32
		{533655CD-2693-4BD7-AA64-28DC39AD5392}.Debug|x86.Build.0 = Debug|Win32
		{533655CD-2693-4BD7-AA64-28DC39AD5392}.Release|x64.ActiveCfg = Release|x64
		{533655CD-2693-4BD7-AA64-28DC39AD5392}.Release|x64.Build.0 = Release|x64
		{533655CD-2693-4BD7-AA64-28DC39AD5392}.Release|x86.ActiveCfg = Release|Win32
		{533655CD-2693-4BD7-AA64-28DC39AD5392}.Release|x86.Build.0 = Release|Win32
		{9826F01E-F6CA-44F5-A8E6-7F9DD1C73BD5}.Debug|x64.ActiveCfg = Debug|x64
		{9826F01E-F6CA-44F5-A8E6-7F9DD1C73BD5}.Debug|x64.Build.0 = Debug|x64
		{9826F01E-F6CA-44F5-A8E6-7F9DD1C73BD5}.Debug|x86.ActiveCfg = Debug|Win32
		{9826F01E-F6CA-44F5-A8E6-7F9DD1C73BD5}.Debug|x86.Build.0 = Debug|Win32
		{9826F01E-F6CA-44F5-A8E6-7F9DD1C73BD5}.Release|x64.ActiveCfg = Release|x64
		{9826F01E-F6CA-44F5-A8E6-7F9DD1C73BD5}.Release|x64.Build.0 = Release|x64
		{9826F01E-F6CA-44F5-A8E6-7F9DD1C73BD5}.Release|x86.ActiveCfg = Release|Win32
		{9826F01E-F6CA-44F5-A8E6-7F9DD1C73BD5}.Release|x86.Build.0 = Release|Win32
		{2D06D2F8-F09D-4754-9C2B-1DE80C22B900}.Debug|x64.ActiveCfg = Debug|x64
		{2D06D2F8-F09D-4754-9C2B-1DE80C22B900}.Debug|x64.Build.0 = Debug|x64
		{2D06D2F8-F09D-4754-9C2B-1DE80C22B900}.Debug|x86.ActiveCfg = Debug|Win32
		{2D06D2F8-F09D-4754-9C2B-1DE80C22B900}.Debug|x86.Build.0 = Debug|Win32
		{2D06D2F8-F09D-4754-9C2B-1DE80C22B900}.Release|x64.ActiveCfg = Release|x64
		{2D06D2F8-F09D-4754-9C2B-1DE80C22B900}.Release|x64.Build.0 = Release|x64
		{2D06D2F8-F09D-4754-9C2B-1DE80C22B900}.Release|x86.ActiveCfg = Release|Win32
		{2D06D2F8-F09D-4754-9C2B-1DE80C22B900}.Release|x86.Build.0 = Release|Win32
		{E4BE32C3-7FC8-4851-B825-0394ADFF89E5}.Debug|x64.ActiveCfg = Debug|x64
		{E4BE32C3-7FC8-4851-B825-0394ADFF89E5}.Debug|x64.Build.0 = Debug|x64
		{E4BE32C3-7FC8-4851-B825-0394ADFF89E5}.Debug|x86.ActiveCfg = Debug|Win32
		{E4BE32C3-7FC8-4851-B825-0394ADFF89E5}.Debug|x86.Build.0 = Debug|Win32
		{E4BE32C3-7FC8-4851-B825-0394ADFF89E5}.Release|x64.ActiveCfg = Release|x64
		{E4BE32C3-7FC8-4851-B825-0394ADFF89E5}.Release|x64.Build.0 = Release|x64
		{E4BE32C3-7FC8-4851-B825-0394ADFF89E5}.Release|x86.ActiveCfg = Release|Win32
		{E4BE32C3-7FC8-4851-B825-0394ADFF89E5}.Release|x86.Build.0 = Release|Win32
		{C01A76F3-52AA-42A0-944F-BBDE6196C311}.Debug|x64.ActiveCfg = Debug|x64
		{C01A76F3-52AA-42A0-944F-BBDE6196C311}.Debug|x64.Build.0 = Debug|x64
		{C01A76F3-52AA-42A0-944F-BBDE6196C311}.Debug|x86.ActiveCfg = Debug|Win32
		{C01A76F3-52AA-42A0-944F-BBDE6196C311}.Debug|x86.Build.0 = Debug|Win32
		{C01A76F3-52AA-42A0-944F-BBDE6196C311}.Release|x64.ActiveCfg = Release|x64
		{C01A76F3-52AA-42A0-944F-BBDE6196C311}.Release|x64.Build.0 = Release|x64
		{C01A76F3-52AA-42A0-944F-BBDE6196C311}.Release|x86.ActiveCfg = Release|Win32
		{C01A76F3-52AA-42A0-944F-BBDE6196C311}.Release|x86.Build.0 = Release|Win32
		{24D523CF-A4D7-49CA-BE06-10195C53404B}.Debug|x64.ActiveCfg = Debug|x64
		{24D523CF-A4D7-49CA-BE06-10195C53404B}.Debug|x64.Build.0 = Debug|x64
		{24D523CF-A4D7-49CA-BE06-10195C53404B}.Debug|x86.ActiveCfg = Debug|Win32
		{24D523CF-A4D7-49CA-BE06-10195C53404B}.Debug|x86.Build.0 = Debug|Win32
		{24D523CF-A4D7-49CA-BE06-10195C53404B}.Release|x64.ActiveCfg = Release|x64
		{24D523CF-A4D7-49CA-BE06-10195C53404B}.Release|x64.Build.0 = Release|x64
		{24D523CF-A4D7-49CA-BE06-10195C53404B}.Release|x86.ActiveCfg = Release|Win32
		{24D523CF-A4D7-49CA-BE06-10195C53404B}.Release|x86.Build.0 = Release|Win32
		{B979D0D0-CE8E-4336-9ADC-518605790302}.Debug|x64.ActiveCfg = Debug|x64
		{B979D0D0-CE8E-4336-9ADC-518605790302}.Debug|x64.Build.0 = Debug|x64
		{B979D0D0-CE8E-4336-9ADC-518605790302}.Debug|x86.ActiveCfg = Debug|Win32
		{B979D0D0-CE8E-4336-9ADC-518605790302}.Debug|x86.Build.0 = Debug|Win32
		{B979D0D0-CE8E-4336-9ADC-518605790302}.Release|x64.ActiveCfg = Release|x64
		{B979D0D0-CE8E-4336-9ADC-518605790302}.Release|x64.Build.0 = Release|x64
		{B979D0D0-CE8E-4336-9ADC-518605790302}.Release|x86.ActiveCfg = Release|Win32
		{B979D0D0-CE8E-4336-9ADC-518605790302}.Release|x86.Build.0 = Release|Win32
		{A252C1BF-1BAA-43A6-AB48-D03E30B04A06}.Debug|x64.ActiveCfg = Debug|x64
		{A252C1BF-1BAA-43A6-AB48-D03E30B04A06}.Debug|x64.Build.0 = Debug|x64
		{A252C1BF-1BAA-43A6-AB48-D03E30B04A06}.Debug|x86.ActiveCfg = Debug|Win32
		{A252C1BF-1BAA-43A6-AB48-D03E30B04A06}.Debug|x86.Build.0 = Debug|Win32
		{A252C1BF-1BAA-43A6-AB48-D03E30B04A06}.Release|x64.ActiveCfg = Release|x64
		{A252C1BF-1BAA-43A6-AB48-D03E30B04A06}.Release|x64.Build.0 = Release|x64
		{A252C1BF-1BAA-43A6-AB48-D03E30B04A06}.Release|x86.ActiveCfg = Release|Win32
		{A252C1BF-1BAA-43A6-AB48-D03E30B04A06}.Release|x86.Build.0 = Release|Win32
	EndGlobalSection
	GlobalSection(SolutionProperties) = preSolution
		HideSolutionNode = FALSE
	EndGlobalSection
	GlobalSection(ExtensibilityGlobals) = postSolution
		SolutionGuid = {15B4E66C-014E-4442-974B-26C79A5C5710}
	EndGlobalSection
EndGlobal
